
Microsoft Visual Studio Solution File, Format Version 12.00
# Visual Studio Version 17
VisualStudioVersion = 17.12.35527.113
MinimumVisualStudioVersion = 10.0.40219.1
Project("{FAE04EC0-301F-11D3-BF4B-00C04F79EFBC}") = "Kafka.Api", "Kafka.Api\Kafka.Api.csproj", "{561A99AF-61A9-4C02-BD0E-6D16B3A7E9A9}"
EndProject
Project("{FAE04EC0-301F-11D3-BF4B-00C04F79EFBC}") = "Kafka.Service", "Kafka.Service\Kafka.Service.csproj", "{37CD42A8-B943-4850-BBE3-844178DB1549}"
EndProject
Project("{FAE04EC0-301F-11D3-BF4B-00C04F79EFBC}") = "Kafka.FirstConsumer", "Kafka.FirstConumer\Kafka.FirstConsumer.csproj", "{0313D284-2978-4195-9A28-EA5E5598B9E2}"
EndProject
Project("{FAE04EC0-301F-11D3-BF4B-00C04F79EFBC}") = "Kafka.2ndConsumer", "Kafka.2ndConsumer\Kafka.2ndConsumer.csproj", "{AC9F3412-1A10-490E-89F2-1DD72C62D3F9}"
EndProject
Project("{FAE04EC0-301F-11D3-BF4B-00C04F79EFBC}") = "Kafka.Domain", "Kafka.Domain\Kafka.Domain.csproj", "{F4283FAE-B669-4C68-8FDE-D28BA0C31AEA}"
EndProject
Global
	GlobalSection(SolutionConfigurationPlatforms) = preSolution
		Debug|Any CPU = Debug|Any CPU
		Release|Any CPU = Release|Any CPU
	EndGlobalSection
	GlobalSection(ProjectConfigurationPlatforms) = postSolution
		{561A99AF-61A9-4C02-BD0E-6D16B3A7E9A9}.Debug|Any CPU.ActiveCfg = Debug|Any CPU
		{561A99AF-61A9-4C02-BD0E-6D16B3A7E9A9}.Debug|Any CPU.Build.0 = Debug|Any CPU
		{561A99AF-61A9-4C02-BD0E-6D16B3A7E9A9}.Release|Any CPU.ActiveCfg = Release|Any CPU
		{561A99AF-61A9-4C02-BD0E-6D16B3A7E9A9}.Release|Any CPU.Build.0 = Release|Any CPU
		{37CD42A8-B943-4850-BBE3-844178DB1549}.Debug|Any CPU.ActiveCfg = Debug|Any CPU
		{37CD42A8-B943-4850-BBE3-844178DB1549}.Debug|Any CPU.Build.0 = Debug|Any CPU
		{37CD42A8-B943-4850-BBE3-844178DB1549}.Release|Any CPU.ActiveCfg = Release|Any CPU
		{37CD42A8-B943-4850-BBE3-844178DB1549}.Release|Any CPU.Build.0 = Release|Any CPU
		{0313D284-2978-4195-9A28-EA5E5598B9E2}.Debug|Any CPU.ActiveCfg = Debug|Any CPU
		{0313D284-2978-4195-9A28-EA5E5598B9E2}.Debug|Any CPU.Build.0 = Debug|Any CPU
		{0313D284-2978-4195-9A28-EA5E5598B9E2}.Release|Any CPU.ActiveCfg = Release|Any CPU
		{0313D284-2978-4195-9A28-EA5E5598B9E2}.Release|Any CPU.Build.0 = Release|Any CPU
		{AC9F3412-1A10-490E-89F2-1DD72C62D3F9}.Debug|Any CPU.ActiveCfg = Debug|Any CPU
		{AC9F3412-1A10-490E-89F2-1DD72C62D3F9}.Debug|Any CPU.Build.0 = Debug|Any CPU
		{AC9F3412-1A10-490E-89F2-1DD72C62D3F9}.Release|Any CPU.ActiveCfg = Release|Any CPU
		{AC9F3412-1A10-490E-89F2-1DD72C62D3F9}.Release|Any CPU.Build.0 = Release|Any CPU
		{F4283FAE-B669-4C68-8FDE-D28BA0C31AEA}.Debug|Any CPU.ActiveCfg = Debug|Any CPU
		{F4283FAE-B669-4C68-8FDE-D28BA0C31AEA}.Debug|Any CPU.Build.0 = Debug|Any CPU
		{F4283FAE-B669-4C68-8FDE-D28BA0C31AEA}.Release|Any CPU.ActiveCfg = Release|Any CPU
		{F4283FAE-B669-4C68-8FDE-D28BA0C31AEA}.Release|Any CPU.Build.0 = Release|Any CPU
	EndGlobalSection
	GlobalSection(SolutionProperties) = preSolution
		HideSolutionNode = FALSE
	EndGlobalSection
EndGlobal
